{
  "name": "@getnumra/next",
  "version": "1.0.0",
  "lockfileVersion": 3,
  "requires": true,
  "packages": {
    "": {
      "name": "@getnumra/next",
      "version": "1.0.0",
      "license": "MIT",
      "dependencies": {
        "@getnumra/core": "^1.0.0"
      },
      "engines": {
        "node": ">=22.12.0"
      },
      "peerDependencies": {
        "next": ">=13.4"
      },
      "peerDependenciesMeta": {
        "next": {
          "optional": true
        }
      }
    },
    "node_modules/@getnumra/core": {
      "version": "1.0.0",
      "resolved": "https://registry.npmjs.org/@getnumra/core/-/core-1.0.0.tgz",
      "integrity": "sha512-jwdwlvFuHikD279vWXlmpA16vHSllGC0vcXOrawlbYEhm00fSfeh8YkhpMcJWxblmwXCVwGln/NucWOC/3GTcQ==",
      "license": "MIT",
      "engines": {
        "node": ">=22.12.0"
      }
    }
  }
}
