{
  "name": "@getnumra/next",
  "version": "1.0.0",
  "lockfileVersion": 3,
  "requires": true,
  "packages": {
    "": {
      "name": "@getnumra/next",
      "version": "1.0.0",
      "license": "MIT",
      "dependencies": {
        "@getnumra/core": "^1.0.0"
      },
      "engines": {
        "node": ">=22.12.0"
      },
      "peerDependencies": {
        "next": ">=13.4"
      },
      "peerDependenciesMeta": {
        "next": {
          "optional": true
        }
      }
    },
    "../numra-js-core": {
      "name": "@getnumra/core",
      "version": "1.0.0",
      "license": "MIT",
      "engines": {
        "node": ">=22.12.0"
      }
    },
    "node_modules/@getnumra/core": {
      "resolved": "../numra-js-core",
      "link": true
    }
  }
}
